// !$*UTF8*$!
{
	archiveVersion = 1;
	classes = {
	};
	objectVersion = 46;
	objects = {

/* Begin PBXBuildFile section */
		B39AE9611CBE8F6600B17678 /* main.cpp in Sources */ = {isa = PBXBuildFile; fileRef = B39AE9601CBE8F6600B17678 /* main.cpp */; };
		B39AE9691CBE920A00B17678 /* People.cpp in Sources */ = {isa = PBXBuildFile; fileRef = B39AE9681CBE920A00B17678 /* People.cpp */; };
		B39AE96C1CBE983200B17678 /* Student.cpp in Sources */ = {isa = PBXBuildFile; fileRef = B39AE96A1CBE983200B17678 /* Student.cpp */; };
/* End PBXBuildFile section */

/* Begin PBXCopyFilesBuildPhase section */
		B39AE95B1CBE8F6600B17678 /* CopyFiles */ = {
			isa = PBXCopyFilesBuildPhase;
			buildActionMask = 2147483647;
			dstPath = /usr/share/man/man1/;
			dstSubfolderSpec = 0;
			files = (
			);
			runOnlyForDeploymentPostprocessing = 1;
		};
/* End PBXCopyFilesBuildPhase section */

/* Begin PBXFileReference section */
		B39AE95D1CBE8F6600B17678 /* PublicInheritence */ = {isa = PBXFileReference; explicitFileType = "compiled.mach-o.executable"; includeInIndex = 0; path = PublicInheritence; sourceTree = BUILT_PRODUCTS_DIR; };
		B39AE9601CBE8F6600B17678 /* main.cpp */ = {isa = PBXFileReference; lastKnownFileType = sourcecode.cpp.cpp; path = main.cpp; sourceTree = "<group>"; };
		B39AE9671CBE8F9400B17678 /* People.h */ = {isa = PBXFileReference; lastKnownFileType = sourcecode.c.h; path = People.h; sourceTree = "<group>"; };
		B39AE9681CBE920A00B17678 /* People.cpp */ = {isa = PBXFileReference; fileEncoding = 4; lastKnownFileType = sourcecode.cpp.cpp; path = People.cpp; sourceTree = "<group>"; };
		B39AE96A1CBE983200B17678 /* Student.cpp */ = {isa = PBXFileReference; fileEncoding = 4; lastKnownFileType = sourcecode.cpp.cpp; path = Student.cpp; sourceTree = "<group>"; };
		B39AE96B1CBE983200B17678 /* Student.h */ = {isa = PBXFileReference; fileEncoding = 4; lastKnownFileType = sourcecode.c.h; path = Student.h; sourceTree = "<group>"; };
/* End PBXFileReference section */

/* Begin PBXFrameworksBuildPhase section */
		B39AE95A1CBE8F6600B17678 /* Frameworks */ = {
			isa = PBXFrameworksBuildPhase;
			buildActionMask = 2147483647;
			files = (
			);
			runOnlyForDeploymentPostprocessing = 0;
		};
/* End PBXFrameworksBuildPhase section */

/* Begin PBXGroup section */
		B39AE9541CBE8F6600B17678 = {
			isa = PBXGroup;
			children = (
				B39AE95F1CBE8F6600B17678 /* PublicInheritence */,
				B39AE95E1CBE8F6600B17678 /* Products */,
			);
			sourceTree = "<group>";
		};
		B39AE95E1CBE8F6600B17678 /* Products */ = {
			isa = PBXGroup;
			children = (
				B39AE95D1CBE8F6600B17678 /* PublicInheritence */,
			);
			name = Products;
			sourceTree = "<group>";
		};
		B39AE95F1CBE8F6600B17678 /* PublicInheritence */ = {
			isa = PBXGroup;
			children = (
				B39AE9601CBE8F6600B17678 /* main.cpp */,
				B39AE9671CBE8F9400B17678 /* People.h */,
				B39AE9681CBE920A00B17678 /* People.cpp */,
				B39AE96A1CBE983200B17678 /* Student.cpp */,
				B39AE96B1CBE983200B17678 /* Student.h */,
			);
			path = PublicInheritence;
			sourceTree = "<group>";
		};
/* End PBXGroup section */

/* Begin PBXNativeTarget section */
		B39AE95C1CBE8F6600B17678 /* PublicInheritence */ = {
			isa = PBXNativeTarget;
			buildConfigurationList = B39AE9641CBE8F6600B17678 /* Build configuration list for PBXNativeTarget "PublicInheritence" */;
			buildPhases = (
				B39AE9591CBE8F6600B17678 /* Sources */,
				B39AE95A1CBE8F6600B17678 /* Frameworks */,
				B39AE95B1CBE8F6600B17678 /* CopyFiles */,
			);
			buildRules = (
			);
			dependencies = (
			);
			name = PublicInheritence;
			productName = PublicInheritence;
			productReference = B39AE95D1CBE8F6600B17678 /* PublicInheritence */;
			productType = "com.apple.product-type.tool";
		};
/* End PBXNativeTarget section */

/* Begin PBXProject section */
		B39AE9551CBE8F6600B17678 /* Project object */ = {
			isa = PBXProject;
			attributes = {
				LastUpgradeCheck = 0730;
				ORGANIZATIONNAME = "Leo Peng";
				TargetAttributes = {
					B39AE95C1CBE8F6600B17678 = {
						CreatedOnToolsVersion = 7.3;
					};
				};
			};
			buildConfigurationList = B39AE9581CBE8F6600B17678 /* Build configuration list for PBXProject "PublicInheritence" */;
			compatibilityVersion = "Xcode 3.2";
			developmentRegion = English;
			hasScannedForEncodings = 0;
			knownRegions = (
				en,
			);
			mainGroup = B39AE9541CBE8F6600B17678;
			productRefGroup = B39AE95E1CBE8F6600B17678 /* Products */;
			projectDirPath = "";
			projectRoot = "";
			targets = (
				B39AE95C1CBE8F6600B17678 /* PublicInheritence */,
			);
		};
/* End PBXProject section */

/* Begin PBXSourcesBuildPhase section */
		B39AE9591CBE8F6600B17678 /* Sources */ = {
			isa = PBXSourcesBuildPhase;
			buildActionMask = 2147483647;
			files = (
				B39AE96C1CBE983200B17678 /* Student.cpp in Sources */,
				B39AE9691CBE920A00B17678 /* People.cpp in Sources */,
				B39AE9611CBE8F6600B17678 /* main.cpp in Sources */,
			);
			runOnlyForDeploymentPostprocessing = 0;
		};
/* End PBXSourcesBuildPhase section */

/* Begin XCBuildConfiguration section */
		B39AE9621CBE8F6600B17678 /* Debug */ = {
			isa = XCBuildConfiguration;
			buildSettings = {
				ALWAYS_SEARCH_USER_PATHS = NO;
				CLANG_ANALYZER_NONNULL = YES;
				CLANG_CXX_LANGUAGE_STANDARD = "gnu++0x";
				CLANG_CXX_LIBRARY = "libc++";
				CLANG_ENABLE_MODULES = YES;
				CLANG_ENABLE_OBJC_ARC = YES;
				CLANG_WARN_BOOL_CONVERSION = YES;
				CLANG_WARN_CONSTANT_CONVERSION = YES;
				CLANG_WARN_DIRECT_OBJC_ISA_USAGE = YES_ERROR;
				CLANG_WARN_EMPTY_BODY = YES;
				CLANG_WARN_ENUM_CONVERSION = YES;
				CLANG_WARN_INT_CONVERSION = YES;
				CLANG_WARN_OBJC_ROOT_CLASS = YES_ERROR;
				CLANG_WARN_UNREACHABLE_CODE = YES;
				CLANG_WARN__DUPLICATE_METHOD_MATCH = YES;
				CODE_SIGN_IDENTITY = "-";
				COPY_PHASE_STRIP = NO;
				DEBUG_INFORMATION_FORMAT = dwarf;
				ENABLE_STRICT_OBJC_MSGSEND = YES;
				ENABLE_TESTABILITY = YES;
				GCC_C_LANGUAGE_STANDARD = gnu99;
				GCC_DYNAMIC_NO_PIC = NO;
				GCC_NO_COMMON_BLOCKS = YES;
				GCC_OPTIMIZATION_LEVEL = 0;
				GCC_PREPROCESSOR_DEFINITIONS = (
					"DEBUG=1",
					"$(inherited)",
				);
				GCC_WARN_64_TO_32_BIT_CONVERSION = YES;
				GCC_WARN_ABOUT_RETURN_TYPE = YES_ERROR;
				GCC_WARN_UNDECLARED_SELECTOR = YES;
				GCC_WARN_UNINITIALIZED_AUTOS = YES_AGGRESSIVE;
				GCC_WARN_UNUSED_FUNCTION = YES;
				GCC_WARN_UNUSED_VARIABLE = YES;
				MACOSX_DEPLOYMENT_TARGET = 10.11;
				MTL_ENABLE_DEBUG_INFO = YES;
				ONLY_ACTIVE_ARCH = YES;
				SDKROOT = macosx;
			};
			name = Debug;
		};
		B39AE9631CBE8F6600B17678 /* Release */ = {
			isa = XCBuildConfiguration;
			buildSettings = {
				ALWAYS_SEARCH_USER_PATHS = NO;
				CLANG_ANALYZER_NONNULL = YES;
				CLANG_CXX_LANGUAGE_STANDARD = "gnu++0x";
				CLANG_CXX_LIBRARY = "libc++";
				CLANG_ENABLE_MODULES = YES;
				CLANG_ENABLE_OBJC_ARC = YES;
				CLANG_WARN_BOOL_CONVERSION = YES;
				CLANG_WARN_CONSTANT_CONVERSION = YES;
				CLANG_WARN_DIRECT_OBJC_ISA_USAGE = YES_ERROR;
				CLANG_WARN_EMPTY_BODY = YES;
				CLANG_WARN_ENUM_CONVERSION = YES;
				CLANG_WARN_INT_CONVERSION = YES;
				CLANG_WARN_OBJC_ROOT_CLASS = YES_ERROR;
				CLANG_WARN_UNREACHABLE_CODE = YES;
				CLANG_WARN__DUPLICATE_METHOD_MATCH = YES;
				CODE_SIGN_IDENTITY = "-";
				COPY_PHASE_STRIP = NO;
				DEBUG_INFORMATION_FORMAT = "dwarf-with-dsym";
				ENABLE_NS_ASSERTIONS = NO;
				ENABLE_STRICT_OBJC_MSGSEND = YES;
				GCC_C_LANGUAGE_STANDARD = gnu99;
				GCC_NO_COMMON_BLOCKS = YES;
				GCC_WARN_64_TO_32_BIT_CONVERSION = YES;
				GCC_WARN_ABOUT_RETURN_TYPE = YES_ERROR;
				GCC_WARN_UNDECLARED_SELECTOR = YES;
				GCC_WARN_UNINITIALIZED_AUTOS = YES_AGGRESSIVE;
				GCC_WARN_UNUSED_FUNCTION = YES;
				GCC_WARN_UNUSED_VARIABLE = YES;
				MACOSX_DEPLOYMENT_TARGET = 10.11;
				MTL_ENABLE_DEBUG_INFO = NO;
				SDKROOT = macosx;
			};
			name = Release;
		};
		B39AE9651CBE8F6600B17678 /* Debug */ = {
			isa = XCBuildConfiguration;
			buildSettings = {
				PRODUCT_NAME = "$(TARGET_NAME)";
			};
			name = Debug;
		};
		B39AE9661CBE8F6600B17678 /* Release */ = {
			isa = XCBuildConfiguration;
			buildSettings = {
				PRODUCT_NAME = "$(TARGET_NAME)";
			};
			name = Release;
		};
/* End XCBuildConfiguration section */

/* Begin XCConfigurationList section */
		B39AE9581CBE8F6600B17678 /* Build configuration list for PBXProject "PublicInheritence" */ = {
			isa = XCConfigurationList;
			buildConfigurations = (
				B39AE9621CBE8F6600B17678 /* Debug */,
				B39AE9631CBE8F6600B17678 /* Release */,
			);
			defaultConfigurationIsVisible = 0;
			defaultConfigurationName = Release;
		};
		B39AE9641CBE8F6600B17678 /* Build configuration list for PBXNativeTarget "PublicInheritence" */ = {
			isa = XCConfigurationList;
			buildConfigurations = (
				B39AE9651CBE8F6600B17678 /* Debug */,
				B39AE9661CBE8F6600B17678 /* Release */,
			);
			defaultConfigurationIsVisible = 0;
		};
/* End XCConfigurationList section */
	};
	rootObject = B39AE9551CBE8F6600B17678 /* Project object */;
}
